
Microsoft Visual Studio Solution File, Format Version 12.00
# Visual Studio Version 17
VisualStudioVersion = 17.6.33829.357
MinimumVisualStudioVersion = 10.0.40219.1
Project("{FAE04EC0-301F-11D3-BF4B-00C04F79EFBC}") = "bai13", "bai13.csproj", "{00398836-20FF-4D79-BE6D-319CC1E4A643}"
EndProject
Global
	GlobalSection(SolutionConfigurationPlatforms) = preSolution
		Debug|Any CPU = Debug|Any CPU
		Release|Any CPU = Release|Any CPU
	EndGlobalSection
	GlobalSection(ProjectConfigurationPlatforms) = postSolution
		{00398836-20FF-4D79-BE6D-319CC1E4A643}.Debug|Any CPU.ActiveCfg = Debug|Any CPU
		{00398836-20FF-4D79-BE6D-319CC1E4A643}.Debug|Any CPU.Build.0 = Debug|Any CPU
		{00398836-20FF-4D79-BE6D-319CC1E4A643}.Release|Any CPU.ActiveCfg = Release|Any CPU
		{00398836-20FF-4D79-BE6D-319CC1E4A643}.Release|Any CPU.Build.0 = Release|Any CPU
	EndGlobalSection
	GlobalSection(SolutionProperties) = preSolution
		HideSolutionNode = FALSE
	EndGlobalSection
	GlobalSection(ExtensibilityGlobals) = postSolution
		SolutionGuid = {21B62A12-3392-493F-8BE7-04EEC883AC3E}
	EndGlobalSection
EndGlobal
